
Microsoft Visual Studio Solution File, Format Version 12.00
# Visual Studio Version 17
VisualStudioVersion = 17.9.34616.47
MinimumVisualStudioVersion = 10.0.40219.1
Project("{FAE04EC0-301F-11D3-BF4B-00C04F79EFBC}") = "SignatureFromFile", "SignatureFromFile.csproj", "{ED6697E1-EA65-4645-9142-35ED443C42A2}"
EndProject
Global
	GlobalSection(SolutionConfigurationPlatforms) = preSolution
		Debug|Any CPU = Debug|Any CPU
		Release|Any CPU = Release|Any CPU
	EndGlobalSection
	GlobalSection(ProjectConfigurationPlatforms) = postSolution
		{ED6697E1-EA65-4645-9142-35ED443C42A2}.Debug|Any CPU.ActiveCfg = Debug|Any CPU
		{ED6697E1-EA65-4645-9142-35ED443C42A2}.Debug|Any CPU.Build.0 = Debug|Any CPU
		{ED6697E1-EA65-4645-9142-35ED443C42A2}.Release|Any CPU.ActiveCfg = Release|Any CPU
		{ED6697E1-EA65-4645-9142-35ED443C42A2}.Release|Any CPU.Build.0 = Release|Any CPU
	EndGlobalSection
	GlobalSection(SolutionProperties) = preSolution
		HideSolutionNode = FALSE
	EndGlobalSection
	GlobalSection(ExtensibilityGlobals) = postSolution
		SolutionGuid = {D554051A-A1AD-40D1-B03E-4494A40F9EE8}
	EndGlobalSection
EndGlobal
